
Microsoft Visual Studio Solution File, Format Version 12.00
# Visual Studio 14
VisualStudioVersion = 14.0.25420.1
MinimumVisualStudioVersion = 10.0.40219.1
Project("{8BC9CEB8-8B4A-11D0-8D11-00A0C91BC942}") = "Vector", "Vector\Vector.vcxproj", "{8F391BE4-BEFD-474D-B0DD-443D1F3D4B8C}"
EndProject
Project("{8BC9CEB8-8B4A-11D0-8D11-00A0C91BC942}") = "VectorTests", "VectorTests\VectorTests.vcxproj", "{2B0ED489-10B7-48DF-9532-2F86F682E2CC}"
EndProject
Project("{8BC9CEB8-8B4A-11D0-8D11-00A0C91BC942}") = "FindAndReplace", "FindAndReplace\FindAndReplace.vcxproj", "{60C70C16-31A2-41FE-8268-BEE7DE85CED0}"
EndProject
Project("{8BC9CEB8-8B4A-11D0-8D11-00A0C91BC942}") = "FindAndReplaceTests", "FindAndReplaceTests\FindAndReplaceTests.vcxproj", "{08DD9909-A3B9-4334-83C2-70E8C9C499ED}"
EndProject
Project("{2150E333-8FDC-42A3-9474-1A3956D46DE8}") = "Task3", "Task3", "{69D875C2-C78F-4F4F-9D1D-34DCE88697F5}"
EndProject
Project("{2150E333-8FDC-42A3-9474-1A3956D46DE8}") = "Task2", "Task2", "{76A613BB-410F-4F84-A3DE-D99B7CB5B15E}"
EndProject
Project("{2150E333-8FDC-42A3-9474-1A3956D46DE8}") = "Task1", "Task1", "{A421E356-777C-40CF-9DDA-4B3617C3320C}"
EndProject
Project("{8BC9CEB8-8B4A-11D0-8D11-00A0C91BC942}") = "WordFrequency", "WordFrequency\WordFrequency.vcxproj", "{76B100FC-2012-4BDF-99CC-7D9961608C4A}"
EndProject
Project("{8BC9CEB8-8B4A-11D0-8D11-00A0C91BC942}") = "WordFrequensyTests", "WordFrequensyTests\WordFrequensyTests.vcxproj", "{62267EDB-5BBD-4008-8ED8-ADBD90EE44E2}"
EndProject
Global
	GlobalSection(SolutionConfigurationPlatforms) = preSolution
		Debug|x64 = Debug|x64
		Debug|x86 = Debug|x86
		Release|x64 = Release|x64
		Release|x86 = Release|x86
	EndGlobalSection
	GlobalSection(ProjectConfigurationPlatforms) = postSolution
		{8F391BE4-BEFD-474D-B0DD-443D1F3D4B8C}.Debug|x64.ActiveCfg = Debug|x64
		{8F391BE4-BEFD-474D-B0DD-443D1F3D4B8C}.Debug|x64.Build.0 = Debug|x64
		{8F391BE4-BEFD-474D-B0DD-443D1F3D4B8C}.Debug|x86.ActiveCfg = Debug|Win32
		{8F391BE4-BEFD-474D-B0DD-443D1F3D4B8C}.Debug|x86.Build.0 = Debug|Win32
		{8F391BE4-BEFD-474D-B0DD-443D1F3D4B8C}.Release|x64.ActiveCfg = Release|x64
		{8F391BE4-BEFD-474D-B0DD-443D1F3D4B8C}.Release|x64.Build.0 = Release|x64
		{8F391BE4-BEFD-474D-B0DD-443D1F3D4B8C}.Release|x86.ActiveCfg = Release|Win32
		{8F391BE4-BEFD-474D-B0DD-443D1F3D4B8C}.Release|x86.Build.0 = Release|Win32
		{2B0ED489-10B7-48DF-9532-2F86F682E2CC}.Debug|x64.ActiveCfg = Debug|x64
		{2B0ED489-10B7-48DF-9532-2F86F682E2CC}.Debug|x64.Build.0 = Debug|x64
		{2B0ED489-10B7-48DF-9532-2F86F682E2CC}.Debug|x86.ActiveCfg = Debug|Win32
		{2B0ED489-10B7-48DF-9532-2F86F682E2CC}.Debug|x86.Build.0 = Debug|Win32
		{2B0ED489-10B7-48DF-9532-2F86F682E2CC}.Release|x64.ActiveCfg = Release|x64
		{2B0ED489-10B7-48DF-9532-2F86F682E2CC}.Release|x64.Build.0 = Release|x64
		{2B0ED489-10B7-48DF-9532-2F86F682E2CC}.Release|x86.ActiveCfg = Release|Win32
		{2B0ED489-10B7-48DF-9532-2F86F682E2CC}.Release|x86.Build.0 = Release|Win32
		{60C70C16-31A2-41FE-8268-BEE7DE85CED0}.Debug|x64.ActiveCfg = Debug|x64
		{60C70C16-31A2-41FE-8268-BEE7DE85CED0}.Debug|x64.Build.0 = Debug|x64
		{60C70C16-31A2-41FE-8268-BEE7DE85CED0}.Debug|x86.ActiveCfg = Debug|Win32
		{60C70C16-31A2-41FE-8268-BEE7DE85CED0}.Debug|x86.Build.0 = Debug|Win32
		{60C70C16-31A2-41FE-8268-BEE7DE85CED0}.Release|x64.ActiveCfg = Release|x64
		{60C70C16-31A2-41FE-8268-BEE7DE85CED0}.Release|x64.Build.0 = Release|x64
		{60C70C16-31A2-41FE-8268-BEE7DE85CED0}.Release|x86.ActiveCfg = Release|Win32
		{60C70C16-31A2-41FE-8268-BEE7DE85CED0}.Release|x86.Build.0 = Release|Win32
		{08DD9909-A3B9-4334-83C2-70E8C9C499ED}.Debug|x64.ActiveCfg = Debug|x64
		{08DD9909-A3B9-4334-83C2-70E8C9C499ED}.Debug|x64.Build.0 = Debug|x64
		{08DD9909-A3B9-4334-83C2-70E8C9C499ED}.Debug|x86.ActiveCfg = Debug|Win32
		{08DD9909-A3B9-4334-83C2-70E8C9C499ED}.Debug|x86.Build.0 = Debug|Win32
		{08DD9909-A3B9-4334-83C2-70E8C9C499ED}.Release|x64.ActiveCfg = Release|x64
		{08DD9909-A3B9-4334-83C2-70E8C9C499ED}.Release|x64.Build.0 = Release|x64
		{08DD9909-A3B9-4334-83C2-70E8C9C499ED}.Release|x86.ActiveCfg = Release|Win32
		{08DD9909-A3B9-4334-83C2-70E8C9C499ED}.Release|x86.Build.0 = Release|Win32
		{76B100FC-2012-4BDF-99CC-7D9961608C4A}.Debug|x64.ActiveCfg = Debug|x64
		{76B100FC-2012-4BDF-99CC-7D9961608C4A}.Debug|x64.Build.0 = Debug|x64
		{76B100FC-2012-4BDF-99CC-7D9961608C4A}.Debug|x86.ActiveCfg = Debug|Win32
		{76B100FC-2012-4BDF-99CC-7D9961608C4A}.Debug|x86.Build.0 = Debug|Win32
		{76B100FC-2012-4BDF-99CC-7D9961608C4A}.Release|x64.ActiveCfg = Release|x64
		{76B100FC-2012-4BDF-99CC-7D9961608C4A}.Release|x64.Build.0 = Release|x64
		{76B100FC-2012-4BDF-99CC-7D9961608C4A}.Release|x86.ActiveCfg = Release|Win32
		{76B100FC-2012-4BDF-99CC-7D9961608C4A}.Release|x86.Build.0 = Release|Win32
		{62267EDB-5BBD-4008-8ED8-ADBD90EE44E2}.Debug|x64.ActiveCfg = Debug|x64
		{62267EDB-5BBD-4008-8ED8-ADBD90EE44E2}.Debug|x64.Build.0 = Debug|x64
		{62267EDB-5BBD-4008-8ED8-ADBD90EE44E2}.Debug|x86.ActiveCfg = Debug|Win32
		{62267EDB-5BBD-4008-8ED8-ADBD90EE44E2}.Debug|x86.Build.0 = Debug|Win32
		{62267EDB-5BBD-4008-8ED8-ADBD90EE44E2}.Release|x64.ActiveCfg = Release|x64
		{62267EDB-5BBD-4008-8ED8-ADBD90EE44E2}.Release|x64.Build.0 = Release|x64
		{62267EDB-5BBD-4008-8ED8-ADBD90EE44E2}.Release|x86.ActiveCfg = Release|Win32
		{62267EDB-5BBD-4008-8ED8-ADBD90EE44E2}.Release|x86.Build.0 = Release|Win32
	EndGlobalSection
	GlobalSection(SolutionProperties) = preSolution
		HideSolutionNode = FALSE
	EndGlobalSection
	GlobalSection(NestedProjects) = preSolution
		{8F391BE4-BEFD-474D-B0DD-443D1F3D4B8C} = {A421E356-777C-40CF-9DDA-4B3617C3320C}
		{2B0ED489-10B7-48DF-9532-2F86F682E2CC} = {A421E356-777C-40CF-9DDA-4B3617C3320C}
		{60C70C16-31A2-41FE-8268-BEE7DE85CED0} = {76A613BB-410F-4F84-A3DE-D99B7CB5B15E}
		{08DD9909-A3B9-4334-83C2-70E8C9C499ED} = {76A613BB-410F-4F84-A3DE-D99B7CB5B15E}
		{76B100FC-2012-4BDF-99CC-7D9961608C4A} = {69D875C2-C78F-4F4F-9D1D-34DCE88697F5}
		{62267EDB-5BBD-4008-8ED8-ADBD90EE44E2} = {69D875C2-C78F-4F4F-9D1D-34DCE88697F5}
	EndGlobalSection
EndGlobal
